
Microsoft Visual Studio Solution File, Format Version 12.00
# Visual Studio Version 17
VisualStudioVersion = 17.9.34728.123
MinimumVisualStudioVersion = 10.0.40219.1
Project("{FAE04EC0-301F-11D3-BF4B-00C04F79EFBC}") = "LogPILARES", "LogPILARES\LogPILARES.csproj", "{377B28BC-270D-4C83-A3CE-5B597B16601A}"
EndProject
Global
	GlobalSection(SolutionConfigurationPlatforms) = preSolution
		Debug|Any CPU = Debug|Any CPU
		Release|Any CPU = Release|Any CPU
	EndGlobalSection
	GlobalSection(ProjectConfigurationPlatforms) = postSolution
		{377B28BC-270D-4C83-A3CE-5B597B16601A}.Debug|Any CPU.ActiveCfg = Debug|Any CPU
		{377B28BC-270D-4C83-A3CE-5B597B16601A}.Debug|Any CPU.Build.0 = Debug|Any CPU
		{377B28BC-270D-4C83-A3CE-5B597B16601A}.Release|Any CPU.ActiveCfg = Release|Any CPU
		{377B28BC-270D-4C83-A3CE-5B597B16601A}.Release|Any CPU.Build.0 = Release|Any CPU
	EndGlobalSection
	GlobalSection(SolutionProperties) = preSolution
		HideSolutionNode = FALSE
	EndGlobalSection
	GlobalSection(ExtensibilityGlobals) = postSolution
		SolutionGuid = {B905DA52-2E00-485F-A9A0-F95CF0D5E92D}
	EndGlobalSection
EndGlobal
